
Microsoft Visual Studio Solution File, Format Version 12.00
# Visual Studio Version 16
VisualStudioVersion = 16.0.30503.244
MinimumVisualStudioVersion = 10.0.40219.1
Project("{FAE04EC0-301F-11D3-BF4B-00C04F79EFBC}") = "Browser", "Browser\Browser.csproj", "{4F2F6571-E3F9-498A-BE3B-D5EC7FC69465}"
EndProject
Project("{FAE04EC0-301F-11D3-BF4B-00C04F79EFBC}") = "Tests", "..\Tests\Tests.csproj", "{BB349FDF-9A14-460C-BE38-D01A9B6B176E}"
EndProject
Project("{FAE04EC0-301F-11D3-BF4B-00C04F79EFBC}") = "WpfApp", "..\WpfApp\WpfApp.csproj", "{0E849DAE-D502-48AB-B5A5-2F3A963A3739}"
EndProject
Global
	GlobalSection(SolutionConfigurationPlatforms) = preSolution
		Debug|Any CPU = Debug|Any CPU
		Release|Any CPU = Release|Any CPU
	EndGlobalSection
	GlobalSection(ProjectConfigurationPlatforms) = postSolution
		{4F2F6571-E3F9-498A-BE3B-D5EC7FC69465}.Debug|Any CPU.ActiveCfg = Debug|Any CPU
		{4F2F6571-E3F9-498A-BE3B-D5EC7FC69465}.Debug|Any CPU.Build.0 = Debug|Any CPU
		{4F2F6571-E3F9-498A-BE3B-D5EC7FC69465}.Release|Any CPU.ActiveCfg = Release|Any CPU
		{4F2F6571-E3F9-498A-BE3B-D5EC7FC69465}.Release|Any CPU.Build.0 = Release|Any CPU
		{BB349FDF-9A14-460C-BE38-D01A9B6B176E}.Debug|Any CPU.ActiveCfg = Debug|Any CPU
		{BB349FDF-9A14-460C-BE38-D01A9B6B176E}.Debug|Any CPU.Build.0 = Debug|Any CPU
		{BB349FDF-9A14-460C-BE38-D01A9B6B176E}.Release|Any CPU.ActiveCfg = Release|Any CPU
		{BB349FDF-9A14-460C-BE38-D01A9B6B176E}.Release|Any CPU.Build.0 = Release|Any CPU
		{0E849DAE-D502-48AB-B5A5-2F3A963A3739}.Debug|Any CPU.ActiveCfg = Debug|Any CPU
		{0E849DAE-D502-48AB-B5A5-2F3A963A3739}.Debug|Any CPU.Build.0 = Debug|Any CPU
		{0E849DAE-D502-48AB-B5A5-2F3A963A3739}.Release|Any CPU.ActiveCfg = Release|Any CPU
		{0E849DAE-D502-48AB-B5A5-2F3A963A3739}.Release|Any CPU.Build.0 = Release|Any CPU
	EndGlobalSection
	GlobalSection(SolutionProperties) = preSolution
		HideSolutionNode = FALSE
	EndGlobalSection
	GlobalSection(ExtensibilityGlobals) = postSolution
		SolutionGuid = {6C26DF07-FEED-4BB8-8600-1CE788743614}
	EndGlobalSection
EndGlobal
